// !$*UTF8*$!
{
	archiveVersion = 1;
	classes = {
	};
	objectVersion = 56;
	objects = {

/* Begin PBXBuildFile section */
		D8EA224D2C31FBA600334316 /* AppDelegate.swift in Sources */ = {isa = PBXBuildFile; fileRef = D8EA224C2C31FBA600334316 /* AppDelegate.swift */; };
		D8EA224F2C31FBA600334316 /* SceneDelegate.swift in Sources */ = {isa = PBXBuildFile; fileRef = D8EA224E2C31FBA600334316 /* SceneDelegate.swift */; };
		D8EA22512C31FBA600334316 /* ViewController.swift in Sources */ = {isa = PBXBuildFile; fileRef = D8EA22502C31FBA600334316 /* ViewController.swift */; };
		D8EA22542C31FBA600334316 /* Main.storyboard in Resources */ = {isa = PBXBuildFile; fileRef = D8EA22522C31FBA600334316 /* Main.storyboard */; };
		D8EA22562C31FBA900334316 /* Assets.xcassets in Resources */ = {isa = PBXBuildFile; fileRef = D8EA22552C31FBA900334316 /* Assets.xcassets */; };
		D8EA22592C31FBA900334316 /* LaunchScreen.storyboard in Resources */ = {isa = PBXBuildFile; fileRef = D8EA22572C31FBA900334316 /* LaunchScreen.storyboard */; };
		D8EA22642C31FBAA00334316 /* CurrencyConverter_DayhuffTests.swift in Sources */ = {isa = PBXBuildFile; fileRef = D8EA22632C31FBAA00334316 /* CurrencyConverter_DayhuffTests.swift */; };
		D8EA226E2C31FBAA00334316 /* CurrencyConverter_DayhuffUITests.swift in Sources */ = {isa = PBXBuildFile; fileRef = D8EA226D2C31FBAA00334316 /* CurrencyConverter_DayhuffUITests.swift */; };
		D8EA22702C31FBAA00334316 /* CurrencyConverter_DayhuffUITestsLaunchTests.swift in Sources */ = {isa = PBXBuildFile; fileRef = D8EA226F2C31FBAA00334316 /* CurrencyConverter_DayhuffUITestsLaunchTests.swift */; };
		D8EA227D2C3206E700334316 /* CurrencyConverterViewController.swift in Sources */ = {isa = PBXBuildFile; fileRef = D8EA227C2C3206E700334316 /* CurrencyConverterViewController.swift */; };
		D8EA227F2C32072D00334316 /* ConvertedCurrenciesViewController.swift in Sources */ = {isa = PBXBuildFile; fileRef = D8EA227E2C32072D00334316 /* ConvertedCurrenciesViewController.swift */; };
		D8EA22812C320D2000334316 /* CurrencyConverter.swift in Sources */ = {isa = PBXBuildFile; fileRef = D8EA22802C320D2000334316 /* CurrencyConverter.swift */; };
/* End PBXBuildFile section */

/* Begin PBXContainerItemProxy section */
		D8EA22602C31FBAA00334316 /* PBXContainerItemProxy */ = {
			isa = PBXContainerItemProxy;
			containerPortal = D8EA22412C31FBA600334316 /* Project object */;
			proxyType = 1;
			remoteGlobalIDString = D8EA22482C31FBA600334316;
			remoteInfo = "CurrencyConverter Dayhuff";
		};
		D8EA226A2C31FBAA00334316 /* PBXContainerItemProxy */ = {
			isa = PBXContainerItemProxy;
			containerPortal = D8EA22412C31FBA600334316 /* Project object */;
			proxyType = 1;
			remoteGlobalIDString = D8EA22482C31FBA600334316;
			remoteInfo = "CurrencyConverter Dayhuff";
		};
/* End PBXContainerItemProxy section */

/* Begin PBXFileReference section */
		D8EA22492C31FBA600334316 /* CurrencyConverter Dayhuff.app */ = {isa = PBXFileReference; explicitFileType = wrapper.application; includeInIndex = 0; path = "CurrencyConverter Dayhuff.app"; sourceTree = BUILT_PRODUCTS_DIR; };
		D8EA224C2C31FBA600334316 /* AppDelegate.swift */ = {isa = PBXFileReference; lastKnownFileType = sourcecode.swift; path = AppDelegate.swift; sourceTree = "<group>"; };
		D8EA224E2C31FBA600334316 /* SceneDelegate.swift */ = {isa = PBXFileReference; lastKnownFileType = sourcecode.swift; path = SceneDelegate.swift; sourceTree = "<group>"; };
		D8EA22502C31FBA600334316 /* ViewController.swift */ = {isa = PBXFileReference; lastKnownFileType = sourcecode.swift; path = ViewController.swift; sourceTree = "<group>"; };
		D8EA22532C31FBA600334316 /* Base */ = {isa = PBXFileReference; lastKnownFileType = file.storyboard; name = Base; path = Base.lproj/Main.storyboard; sourceTree = "<group>"; };
		D8EA22552C31FBA900334316 /* Assets.xcassets */ = {isa = PBXFileReference; lastKnownFileType = folder.assetcatalog; path = Assets.xcassets; sourceTree = "<group>"; };
		D8EA22582C31FBA900334316 /* Base */ = {isa = PBXFileReference; lastKnownFileType = file.storyboard; name = Base; path = Base.lproj/LaunchScreen.storyboard; sourceTree = "<group>"; };
		D8EA225A2C31FBA900334316 /* Info.plist */ = {isa = PBXFileReference; lastKnownFileType = text.plist.xml; path = Info.plist; sourceTree = "<group>"; };
		D8EA225F2C31FBAA00334316 /* CurrencyConverter DayhuffTests.xctest */ = {isa = PBXFileReference; explicitFileType = wrapper.cfbundle; includeInIndex = 0; path = "CurrencyConverter DayhuffTests.xctest"; sourceTree = BUILT_PRODUCTS_DIR; };
		D8EA22632C31FBAA00334316 /* CurrencyConverter_DayhuffTests.swift */ = {isa = PBXFileReference; lastKnownFileType = sourcecode.swift; path = CurrencyConverter_DayhuffTests.swift; sourceTree = "<group>"; };
		D8EA22692C31FBAA00334316 /* CurrencyConverter DayhuffUITests.xctest */ = {isa = PBXFileReference; explicitFileType = wrapper.cfbundle; includeInIndex = 0; path = "CurrencyConverter DayhuffUITests.xctest"; sourceTree = BUILT_PRODUCTS_DIR; };
		D8EA226D2C31FBAA00334316 /* CurrencyConverter_DayhuffUITests.swift */ = {isa = PBXFileReference; lastKnownFileType = sourcecode.swift; path = CurrencyConverter_DayhuffUITests.swift; sourceTree = "<group>"; };
		D8EA226F2C31FBAA00334316 /* CurrencyConverter_DayhuffUITestsLaunchTests.swift */ = {isa = PBXFileReference; lastKnownFileType = sourcecode.swift; path = CurrencyConverter_DayhuffUITestsLaunchTests.swift; sourceTree = "<group>"; };
		D8EA227C2C3206E700334316 /* CurrencyConverterViewController.swift */ = {isa = PBXFileReference; lastKnownFileType = sourcecode.swift; path = CurrencyConverterViewController.swift; sourceTree = "<group>"; };
		D8EA227E2C32072D00334316 /* ConvertedCurrenciesViewController.swift */ = {isa = PBXFileReference; lastKnownFileType = sourcecode.swift; path = ConvertedCurrenciesViewController.swift; sourceTree = "<group>"; };
		D8EA22802C320D2000334316 /* CurrencyConverter.swift */ = {isa = PBXFileReference; lastKnownFileType = sourcecode.swift; path = CurrencyConverter.swift; sourceTree = "<group>"; };
/* End PBXFileReference section */

/* Begin PBXFrameworksBuildPhase section */
		D8EA22462C31FBA600334316 /* Frameworks */ = {
			isa = PBXFrameworksBuildPhase;
			buildActionMask = 2147483647;
			files = (
			);
			runOnlyForDeploymentPostprocessing = 0;
		};
		D8EA225C2C31FBAA00334316 /* Frameworks */ = {
			isa = PBXFrameworksBuildPhase;
			buildActionMask = 2147483647;
			files = (
			);
			runOnlyForDeploymentPostprocessing = 0;
		};
		D8EA22662C31FBAA00334316 /* Frameworks */ = {
			isa = PBXFrameworksBuildPhase;
			buildActionMask = 2147483647;
			files = (
			);
			runOnlyForDeploymentPostprocessing = 0;
		};
/* End PBXFrameworksBuildPhase section */

/* Begin PBXGroup section */
		D8EA22402C31FBA600334316 = {
			isa = PBXGroup;
			children = (
				D8EA224B2C31FBA600334316 /* CurrencyConverter Dayhuff */,
				D8EA22622C31FBAA00334316 /* CurrencyConverter DayhuffTests */,
				D8EA226C2C31FBAA00334316 /* CurrencyConverter DayhuffUITests */,
				D8EA224A2C31FBA600334316 /* Products */,
			);
			sourceTree = "<group>";
		};
		D8EA224A2C31FBA600334316 /* Products */ = {
			isa = PBXGroup;
			children = (
				D8EA22492C31FBA600334316 /* CurrencyConverter Dayhuff.app */,
				D8EA225F2C31FBAA00334316 /* CurrencyConverter DayhuffTests.xctest */,
				D8EA22692C31FBAA00334316 /* CurrencyConverter DayhuffUITests.xctest */,
			);
			name = Products;
			sourceTree = "<group>";
		};
		D8EA224B2C31FBA600334316 /* CurrencyConverter Dayhuff */ = {
			isa = PBXGroup;
			children = (
				D8EA224C2C31FBA600334316 /* AppDelegate.swift */,
				D8EA224E2C31FBA600334316 /* SceneDelegate.swift */,
				D8EA22502C31FBA600334316 /* ViewController.swift */,
				D8EA22802C320D2000334316 /* CurrencyConverter.swift */,
				D8EA227C2C3206E700334316 /* CurrencyConverterViewController.swift */,
				D8EA227E2C32072D00334316 /* ConvertedCurrenciesViewController.swift */,
				D8EA22522C31FBA600334316 /* Main.storyboard */,
				D8EA22552C31FBA900334316 /* Assets.xcassets */,
				D8EA22572C31FBA900334316 /* LaunchScreen.storyboard */,
				D8EA225A2C31FBA900334316 /* Info.plist */,
			);
			path = "CurrencyConverter Dayhuff";
			sourceTree = "<group>";
		};
		D8EA22622C31FBAA00334316 /* CurrencyConverter DayhuffTests */ = {
			isa = PBXGroup;
			children = (
				D8EA22632C31FBAA00334316 /* CurrencyConverter_DayhuffTests.swift */,
			);
			path = "CurrencyConverter DayhuffTests";
			sourceTree = "<group>";
		};
		D8EA226C2C31FBAA00334316 /* CurrencyConverter DayhuffUITests */ = {
			isa = PBXGroup;
			children = (
				D8EA226D2C31FBAA00334316 /* CurrencyConverter_DayhuffUITests.swift */,
				D8EA226F2C31FBAA00334316 /* CurrencyConverter_DayhuffUITestsLaunchTests.swift */,
			);
			path = "CurrencyConverter DayhuffUITests";
			sourceTree = "<group>";
		};
/* End PBXGroup section */

/* Begin PBXNativeTarget section */
		D8EA22482C31FBA600334316 /* CurrencyConverter Dayhuff */ = {
			isa = PBXNativeTarget;
			buildConfigurationList = D8EA22732C31FBAA00334316 /* Build configuration list for PBXNativeTarget "CurrencyConverter Dayhuff" */;
			buildPhases = (
				D8EA22452C31FBA600334316 /* Sources */,
				D8EA22462C31FBA600334316 /* Frameworks */,
				D8EA22472C31FBA600334316 /* Resources */,
			);
			buildRules = (
			);
			dependencies = (
			);
			name = "CurrencyConverter Dayhuff";
			productName = "CurrencyConverter Dayhuff";
			productReference = D8EA22492C31FBA600334316 /* CurrencyConverter Dayhuff.app */;
			productType = "com.apple.product-type.application";
		};
		D8EA225E2C31FBAA00334316 /* CurrencyConverter DayhuffTests */ = {
			isa = PBXNativeTarget;
			buildConfigurationList = D8EA22762C31FBAA00334316 /* Build configuration list for PBXNativeTarget "CurrencyConverter DayhuffTests" */;
			buildPhases = (
				D8EA225B2C31FBAA00334316 /* Sources */,
				D8EA225C2C31FBAA00334316 /* Frameworks */,
				D8EA225D2C31FBAA00334316 /* Resources */,
			);
			buildRules = (
			);
			dependencies = (
				D8EA22612C31FBAA00334316 /* PBXTargetDependency */,
			);
			name = "CurrencyConverter DayhuffTests";
			productName = "CurrencyConverter DayhuffTests";
			productReference = D8EA225F2C31FBAA00334316 /* CurrencyConverter DayhuffTests.xctest */;
			productType = "com.apple.product-type.bundle.unit-test";
		};
		D8EA22682C31FBAA00334316 /* CurrencyConverter DayhuffUITests */ = {
			isa = PBXNativeTarget;
			buildConfigurationList = D8EA22792C31FBAA00334316 /* Build configuration list for PBXNativeTarget "CurrencyConverter DayhuffUITests" */;
			buildPhases = (
				D8EA22652C31FBAA00334316 /* Sources */,
				D8EA22662C31FBAA00334316 /* Frameworks */,
				D8EA22672C31FBAA00334316 /* Resources */,
			);
			buildRules = (
			);
			dependencies = (
				D8EA226B2C31FBAA00334316 /* PBXTargetDependency */,
			);
			name = "CurrencyConverter DayhuffUITests";
			productName = "CurrencyConverter DayhuffUITests";
			productReference = D8EA22692C31FBAA00334316 /* CurrencyConverter DayhuffUITests.xctest */;
			productType = "com.apple.product-type.bundle.ui-testing";
		};
/* End PBXNativeTarget section */

/* Begin PBXProject section */
		D8EA22412C31FBA600334316 /* Project object */ = {
			isa = PBXProject;
			attributes = {
				BuildIndependentTargetsInParallel = 1;
				LastSwiftUpdateCheck = 1520;
				LastUpgradeCheck = 1520;
				TargetAttributes = {
					D8EA22482C31FBA600334316 = {
						CreatedOnToolsVersion = 15.2;
					};
					D8EA225E2C31FBAA00334316 = {
						CreatedOnToolsVersion = 15.2;
						TestTargetID = D8EA22482C31FBA600334316;
					};
					D8EA22682C31FBAA00334316 = {
						CreatedOnToolsVersion = 15.2;
						TestTargetID = D8EA22482C31FBA600334316;
					};
				};
			};
			buildConfigurationList = D8EA22442C31FBA600334316 /* Build configuration list for PBXProject "CurrencyConverter Dayhuff" */;
			compatibilityVersion = "Xcode 14.0";
			developmentRegion = en;
			hasScannedForEncodings = 0;
			knownRegions = (
				en,
				Base,
			);
			mainGroup = D8EA22402C31FBA600334316;
			productRefGroup = D8EA224A2C31FBA600334316 /* Products */;
			projectDirPath = "";
			projectRoot = "";
			targets = (
				D8EA22482C31FBA600334316 /* CurrencyConverter Dayhuff */,
				D8EA225E2C31FBAA00334316 /* CurrencyConverter DayhuffTests */,
				D8EA22682C31FBAA00334316 /* CurrencyConverter DayhuffUITests */,
			);
		};
/* End PBXProject section */

/* Begin PBXResourcesBuildPhase section */
		D8EA22472C31FBA600334316 /* Resources */ = {
			isa = PBXResourcesBuildPhase;
			buildActionMask = 2147483647;
			files = (
				D8EA22592C31FBA900334316 /* LaunchScreen.storyboard in Resources */,
				D8EA22562C31FBA900334316 /* Assets.xcassets in Resources */,
				D8EA22542C31FBA600334316 /* Main.storyboard in Resources */,
			);
			runOnlyForDeploymentPostprocessing = 0;
		};
		D8EA225D2C31FBAA00334316 /* Resources */ = {
			isa = PBXResourcesBuildPhase;
			buildActionMask = 2147483647;
			files = (
			);
			runOnlyForDeploymentPostprocessing = 0;
		};
		D8EA22672C31FBAA00334316 /* Resources */ = {
			isa = PBXResourcesBuildPhase;
			buildActionMask = 2147483647;
			files = (
			);
			runOnlyForDeploymentPostprocessing = 0;
		};
/* End PBXResourcesBuildPhase section */

/* Begin PBXSourcesBuildPhase section */
		D8EA22452C31FBA600334316 /* Sources */ = {
			isa = PBXSourcesBuildPhase;
			buildActionMask = 2147483647;
			files = (
				D8EA22512C31FBA600334316 /* ViewController.swift in Sources */,
				D8EA227F2C32072D00334316 /* ConvertedCurrenciesViewController.swift in Sources */,
				D8EA224D2C31FBA600334316 /* AppDelegate.swift in Sources */,
				D8EA22812C320D2000334316 /* CurrencyConverter.swift in Sources */,
				D8EA227D2C3206E700334316 /* CurrencyConverterViewController.swift in Sources */,
				D8EA224F2C31FBA600334316 /* SceneDelegate.swift in Sources */,
			);
			runOnlyForDeploymentPostprocessing = 0;
		};
		D8EA225B2C31FBAA00334316 /* Sources */ = {
			isa = PBXSourcesBuildPhase;
			buildActionMask = 2147483647;
			files = (
				D8EA22642C31FBAA00334316 /* CurrencyConverter_DayhuffTests.swift in Sources */,
			);
			runOnlyForDeploymentPostprocessing = 0;
		};
		D8EA22652C31FBAA00334316 /* Sources */ = {
			isa = PBXSourcesBuildPhase;
			buildActionMask = 2147483647;
			files = (
				D8EA22702C31FBAA00334316 /* CurrencyConverter_DayhuffUITestsLaunchTests.swift in Sources */,
				D8EA226E2C31FBAA00334316 /* CurrencyConverter_DayhuffUITests.swift in Sources */,
			);
			runOnlyForDeploymentPostprocessing = 0;
		};
/* End PBXSourcesBuildPhase section */

/* Begin PBXTargetDependency section */
		D8EA22612C31FBAA00334316 /* PBXTargetDependency */ = {
			isa = PBXTargetDependency;
			target = D8EA22482C31FBA600334316 /* CurrencyConverter Dayhuff */;
			targetProxy = D8EA22602C31FBAA00334316 /* PBXContainerItemProxy */;
		};
		D8EA226B2C31FBAA00334316 /* PBXTargetDependency */ = {
			isa = PBXTargetDependency;
			target = D8EA22482C31FBA600334316 /* CurrencyConverter Dayhuff */;
			targetProxy = D8EA226A2C31FBAA00334316 /* PBXContainerItemProxy */;
		};
/* End PBXTargetDependency section */

/* Begin PBXVariantGroup section */
		D8EA22522C31FBA600334316 /* Main.storyboard */ = {
			isa = PBXVariantGroup;
			children = (
				D8EA22532C31FBA600334316 /* Base */,
			);
			name = Main.storyboard;
			sourceTree = "<group>";
		};
		D8EA22572C31FBA900334316 /* LaunchScreen.storyboard */ = {
			isa = PBXVariantGroup;
			children = (
				D8EA22582C31FBA900334316 /* Base */,
			);
			name = LaunchScreen.storyboard;
			sourceTree = "<group>";
		};
/* End PBXVariantGroup section */

/* Begin XCBuildConfiguration section */
		D8EA22712C31FBAA00334316 /* Debug */ = {
			isa = XCBuildConfiguration;
			buildSettings = {
				ALWAYS_SEARCH_USER_PATHS = NO;
				ASSETCATALOG_COMPILER_GENERATE_SWIFT_ASSET_SYMBOL_EXTENSIONS = YES;
				CLANG_ANALYZER_NONNULL = YES;
				CLANG_ANALYZER_NUMBER_OBJECT_CONVERSION = YES_AGGRESSIVE;
				CLANG_CXX_LANGUAGE_STANDARD = "gnu++20";
				CLANG_ENABLE_MODULES = YES;
				CLANG_ENABLE_OBJC_ARC = YES;
				CLANG_ENABLE_OBJC_WEAK = YES;
				CLANG_WARN_BLOCK_CAPTURE_AUTORELEASING = YES;
				CLANG_WARN_BOOL_CONVERSION = YES;
				CLANG_WARN_COMMA = YES;
				CLANG_WARN_CONSTANT_CONVERSION = YES;
				CLANG_WARN_DEPRECATED_OBJC_IMPLEMENTATIONS = YES;
				CLANG_WARN_DIRECT_OBJC_ISA_USAGE = YES_ERROR;
				CLANG_WARN_DOCUMENTATION_COMMENTS = YES;
				CLANG_WARN_EMPTY_BODY = YES;
				CLANG_WARN_ENUM_CONVERSION = YES;
				CLANG_WARN_INFINITE_RECURSION = YES;
				CLANG_WARN_INT_CONVERSION = YES;
				CLANG_WARN_NON_LITERAL_NULL_CONVERSION = YES;
				CLANG_WARN_OBJC_IMPLICIT_RETAIN_SELF = YES;
				CLANG_WARN_OBJC_LITERAL_CONVERSION = YES;
				CLANG_WARN_OBJC_ROOT_CLASS = YES_ERROR;
				CLANG_WARN_QUOTED_INCLUDE_IN_FRAMEWORK_HEADER = YES;
				CLANG_WARN_RANGE_LOOP_ANALYSIS = YES;
				CLANG_WARN_STRICT_PROTOTYPES = YES;
				CLANG_WARN_SUSPICIOUS_MOVE = YES;
				CLANG_WARN_UNGUARDED_AVAILABILITY = YES_AGGRESSIVE;
				CLANG_WARN_UNREACHABLE_CODE = YES;
				CLANG_WARN__DUPLICATE_METHOD_MATCH = YES;
				COPY_PHASE_STRIP = NO;
				DEBUG_INFORMATION_FORMAT = dwarf;
				ENABLE_STRICT_OBJC_MSGSEND = YES;
				ENABLE_TESTABILITY = YES;
				ENABLE_USER_SCRIPT_SANDBOXING = YES;
				GCC_C_LANGUAGE_STANDARD = gnu17;
				GCC_DYNAMIC_NO_PIC = NO;
				GCC_NO_COMMON_BLOCKS = YES;
				GCC_OPTIMIZATION_LEVEL = 0;
				GCC_PREPROCESSOR_DEFINITIONS = (
					"DEBUG=1",
					"$(inherited)",
				);
				GCC_WARN_64_TO_32_BIT_CONVERSION = YES;
				GCC_WARN_ABOUT_RETURN_TYPE = YES_ERROR;
				GCC_WARN_UNDECLARED_SELECTOR = YES;
				GCC_WARN_UNINITIALIZED_AUTOS = YES_AGGRESSIVE;
				GCC_WARN_UNUSED_FUNCTION = YES;
				GCC_WARN_UNUSED_VARIABLE = YES;
				IPHONEOS_DEPLOYMENT_TARGET = 17.2;
				LOCALIZATION_PREFERS_STRING_CATALOGS = YES;
				MTL_ENABLE_DEBUG_INFO = INCLUDE_SOURCE;
				MTL_FAST_MATH = YES;
				ONLY_ACTIVE_ARCH = YES;
				SDKROOT = iphoneos;
				SWIFT_ACTIVE_COMPILATION_CONDITIONS = "DEBUG $(inherited)";
				SWIFT_OPTIMIZATION_LEVEL = "-Onone";
			};
			name = Debug;
		};
		D8EA22722C31FBAA00334316 /* Release */ = {
			isa = XCBuildConfiguration;
			buildSettings = {
				ALWAYS_SEARCH_USER_PATHS = NO;
				ASSETCATALOG_COMPILER_GENERATE_SWIFT_ASSET_SYMBOL_EXTENSIONS = YES;
				CLANG_ANALYZER_NONNULL = YES;
				CLANG_ANALYZER_NUMBER_OBJECT_CONVERSION = YES_AGGRESSIVE;
				CLANG_CXX_LANGUAGE_STANDARD = "gnu++20";
				CLANG_ENABLE_MODULES = YES;
				CLANG_ENABLE_OBJC_ARC = YES;
				CLANG_ENABLE_OBJC_WEAK = YES;
				CLANG_WARN_BLOCK_CAPTURE_AUTORELEASING = YES;
				CLANG_WARN_BOOL_CONVERSION = YES;
				CLANG_WARN_COMMA = YES;
				CLANG_WARN_CONSTANT_CONVERSION = YES;
				CLANG_WARN_DEPRECATED_OBJC_IMPLEMENTATIONS = YES;
				CLANG_WARN_DIRECT_OBJC_ISA_USAGE = YES_ERROR;
				CLANG_WARN_DOCUMENTATION_COMMENTS = YES;
				CLANG_WARN_EMPTY_BODY = YES;
				CLANG_WARN_ENUM_CONVERSION = YES;
				CLANG_WARN_INFINITE_RECURSION = YES;
				CLANG_WARN_INT_CONVERSION = YES;
				CLANG_WARN_NON_LITERAL_NULL_CONVERSION = YES;
				CLANG_WARN_OBJC_IMPLICIT_RETAIN_SELF = YES;
				CLANG_WARN_OBJC_LITERAL_CONVERSION = YES;
				CLANG_WARN_OBJC_ROOT_CLASS = YES_ERROR;
				CLANG_WARN_QUOTED_INCLUDE_IN_FRAMEWORK_HEADER = YES;
				CLANG_WARN_RANGE_LOOP_ANALYSIS = YES;
				CLANG_WARN_STRICT_PROTOTYPES = YES;
				CLANG_WARN_SUSPICIOUS_MOVE = YES;
				CLANG_WARN_UNGUARDED_AVAILABILITY = YES_AGGRESSIVE;
				CLANG_WARN_UNREACHABLE_CODE = YES;
				CLANG_WARN__DUPLICATE_METHOD_MATCH = YES;
				COPY_PHASE_STRIP = NO;
				DEBUG_INFORMATION_FORMAT = "dwarf-with-dsym";
				ENABLE_NS_ASSERTIONS = NO;
				ENABLE_STRICT_OBJC_MSGSEND = YES;
				ENABLE_USER_SCRIPT_SANDBOXING = YES;
				GCC_C_LANGUAGE_STANDARD = gnu17;
				GCC_NO_COMMON_BLOCKS = YES;
				GCC_WARN_64_TO_32_BIT_CONVERSION = YES;
				GCC_WARN_ABOUT_RETURN_TYPE = YES_ERROR;
				GCC_WARN_UNDECLARED_SELECTOR = YES;
				GCC_WARN_UNINITIALIZED_AUTOS = YES_AGGRESSIVE;
				GCC_WARN_UNUSED_FUNCTION = YES;
				GCC_WARN_UNUSED_VARIABLE = YES;
				IPHONEOS_DEPLOYMENT_TARGET = 17.2;
				LOCALIZATION_PREFERS_STRING_CATALOGS = YES;
				MTL_ENABLE_DEBUG_INFO = NO;
				MTL_FAST_MATH = YES;
				SDKROOT = iphoneos;
				SWIFT_COMPILATION_MODE = wholemodule;
				VALIDATE_PRODUCT = YES;
			};
			name = Release;
		};
		D8EA22742C31FBAA00334316 /* Debug */ = {
			isa = XCBuildConfiguration;
			buildSettings = {
				ASSETCATALOG_COMPILER_APPICON_NAME = AppIcon;
				ASSETCATALOG_COMPILER_GLOBAL_ACCENT_COLOR_NAME = AccentColor;
				CODE_SIGN_STYLE = Automatic;
				CURRENT_PROJECT_VERSION = 1;
				GENERATE_INFOPLIST_FILE = YES;
				INFOPLIST_FILE = "CurrencyConverter Dayhuff/Info.plist";
				INFOPLIST_KEY_UIApplicationSupportsIndirectInputEvents = YES;
				INFOPLIST_KEY_UILaunchStoryboardName = LaunchScreen;
				INFOPLIST_KEY_UIMainStoryboardFile = Main;
				INFOPLIST_KEY_UISupportedInterfaceOrientations_iPad = "UIInterfaceOrientationPortrait UIInterfaceOrientationPortraitUpsideDown UIInterfaceOrientationLandscapeLeft UIInterfaceOrientationLandscapeRight";
				INFOPLIST_KEY_UISupportedInterfaceOrientations_iPhone = "UIInterfaceOrientationPortrait UIInterfaceOrientationLandscapeLeft UIInterfaceOrientationLandscapeRight";
				LD_RUNPATH_SEARCH_PATHS = (
					"$(inherited)",
					"@executable_path/Frameworks",
				);
				MARKETING_VERSION = 1.0;
				PRODUCT_BUNDLE_IDENTIFIER = "auburn.CurrencyConverter-Dayhuff";
				PRODUCT_NAME = "$(TARGET_NAME)";
				SWIFT_EMIT_LOC_STRINGS = YES;
				SWIFT_VERSION = 5.0;
				TARGETED_DEVICE_FAMILY = "1,2";
			};
			name = Debug;
		};
		D8EA22752C31FBAA00334316 /* Release */ = {
			isa = XCBuildConfiguration;
			buildSettings = {
				ASSETCATALOG_COMPILER_APPICON_NAME = AppIcon;
				ASSETCATALOG_COMPILER_GLOBAL_ACCENT_COLOR_NAME = AccentColor;
				CODE_SIGN_STYLE = Automatic;
				CURRENT_PROJECT_VERSION = 1;
				GENERATE_INFOPLIST_FILE = YES;
				INFOPLIST_FILE = "CurrencyConverter Dayhuff/Info.plist";
				INFOPLIST_KEY_UIApplicationSupportsIndirectInputEvents = YES;
				INFOPLIST_KEY_UILaunchStoryboardName = LaunchScreen;
				INFOPLIST_KEY_UIMainStoryboardFile = Main;
				INFOPLIST_KEY_UISupportedInterfaceOrientations_iPad = "UIInterfaceOrientationPortrait UIInterfaceOrientationPortraitUpsideDown UIInterfaceOrientationLandscapeLeft UIInterfaceOrientationLandscapeRight";
				INFOPLIST_KEY_UISupportedInterfaceOrientations_iPhone = "UIInterfaceOrientationPortrait UIInterfaceOrientationLandscapeLeft UIInterfaceOrientationLandscapeRight";
				LD_RUNPATH_SEARCH_PATHS = (
					"$(inherited)",
					"@executable_path/Frameworks",
				);
				MARKETING_VERSION = 1.0;
				PRODUCT_BUNDLE_IDENTIFIER = "auburn.CurrencyConverter-Dayhuff";
				PRODUCT_NAME = "$(TARGET_NAME)";
				SWIFT_EMIT_LOC_STRINGS = YES;
				SWIFT_VERSION = 5.0;
				TARGETED_DEVICE_FAMILY = "1,2";
			};
			name = Release;
		};
		D8EA22772C31FBAA00334316 /* Debug */ = {
			isa = XCBuildConfiguration;
			buildSettings = {
				ALWAYS_EMBED_SWIFT_STANDARD_LIBRARIES = YES;
				BUNDLE_LOADER = "$(TEST_HOST)";
				CODE_SIGN_STYLE = Automatic;
				CURRENT_PROJECT_VERSION = 1;
				GENERATE_INFOPLIST_FILE = YES;
				IPHONEOS_DEPLOYMENT_TARGET = 17.2;
				MARKETING_VERSION = 1.0;
				PRODUCT_BUNDLE_IDENTIFIER = "auburn.CurrencyConverter-DayhuffTests";
				PRODUCT_NAME = "$(TARGET_NAME)";
				SWIFT_EMIT_LOC_STRINGS = NO;
				SWIFT_VERSION = 5.0;
				TARGETED_DEVICE_FAMILY = "1,2";
				TEST_HOST = "$(BUILT_PRODUCTS_DIR)/CurrencyConverter Dayhuff.app/$(BUNDLE_EXECUTABLE_FOLDER_PATH)/CurrencyConverter Dayhuff";
			};
			name = Debug;
		};
		D8EA22782C31FBAA00334316 /* Release */ = {
			isa = XCBuildConfiguration;
			buildSettings = {
				ALWAYS_EMBED_SWIFT_STANDARD_LIBRARIES = YES;
				BUNDLE_LOADER = "$(TEST_HOST)";
				CODE_SIGN_STYLE = Automatic;
				CURRENT_PROJECT_VERSION = 1;
				GENERATE_INFOPLIST_FILE = YES;
				IPHONEOS_DEPLOYMENT_TARGET = 17.2;
				MARKETING_VERSION = 1.0;
				PRODUCT_BUNDLE_IDENTIFIER = "auburn.CurrencyConverter-DayhuffTests";
				PRODUCT_NAME = "$(TARGET_NAME)";
				SWIFT_EMIT_LOC_STRINGS = NO;
				SWIFT_VERSION = 5.0;
				TARGETED_DEVICE_FAMILY = "1,2";
				TEST_HOST = "$(BUILT_PRODUCTS_DIR)/CurrencyConverter Dayhuff.app/$(BUNDLE_EXECUTABLE_FOLDER_PATH)/CurrencyConverter Dayhuff";
			};
			name = Release;
		};
		D8EA227A2C31FBAA00334316 /* Debug */ = {
			isa = XCBuildConfiguration;
			buildSettings = {
				ALWAYS_EMBED_SWIFT_STANDARD_LIBRARIES = YES;
				CODE_SIGN_STYLE = Automatic;
				CURRENT_PROJECT_VERSION = 1;
				GENERATE_INFOPLIST_FILE = YES;
				MARKETING_VERSION = 1.0;
				PRODUCT_BUNDLE_IDENTIFIER = "auburn.CurrencyConverter-DayhuffUITests";
				PRODUCT_NAME = "$(TARGET_NAME)";
				SWIFT_EMIT_LOC_STRINGS = NO;
				SWIFT_VERSION = 5.0;
				TARGETED_DEVICE_FAMILY = "1,2";
				TEST_TARGET_NAME = "CurrencyConverter Dayhuff";
			};
			name = Debug;
		};
		D8EA227B2C31FBAA00334316 /* Release */ = {
			isa = XCBuildConfiguration;
			buildSettings = {
				ALWAYS_EMBED_SWIFT_STANDARD_LIBRARIES = YES;
				CODE_SIGN_STYLE = Automatic;
				CURRENT_PROJECT_VERSION = 1;
				GENERATE_INFOPLIST_FILE = YES;
				MARKETING_VERSION = 1.0;
				PRODUCT_BUNDLE_IDENTIFIER = "auburn.CurrencyConverter-DayhuffUITests";
				PRODUCT_NAME = "$(TARGET_NAME)";
				SWIFT_EMIT_LOC_STRINGS = NO;
				SWIFT_VERSION = 5.0;
				TARGETED_DEVICE_FAMILY = "1,2";
				TEST_TARGET_NAME = "CurrencyConverter Dayhuff";
			};
			name = Release;
		};
/* End XCBuildConfiguration section */

/* Begin XCConfigurationList section */
		D8EA22442C31FBA600334316 /* Build configuration list for PBXProject "CurrencyConverter Dayhuff" */ = {
			isa = XCConfigurationList;
			buildConfigurations = (
				D8EA22712C31FBAA00334316 /* Debug */,
				D8EA22722C31FBAA00334316 /* Release */,
			);
			defaultConfigurationIsVisible = 0;
			defaultConfigurationName = Release;
		};
		D8EA22732C31FBAA00334316 /* Build configuration list for PBXNativeTarget "CurrencyConverter Dayhuff" */ = {
			isa = XCConfigurationList;
			buildConfigurations = (
				D8EA22742C31FBAA00334316 /* Debug */,
				D8EA22752C31FBAA00334316 /* Release */,
			);
			defaultConfigurationIsVisible = 0;
			defaultConfigurationName = Release;
		};
		D8EA22762C31FBAA00334316 /* Build configuration list for PBXNativeTarget "CurrencyConverter DayhuffTests" */ = {
			isa = XCConfigurationList;
			buildConfigurations = (
				D8EA22772C31FBAA00334316 /* Debug */,
				D8EA22782C31FBAA00334316 /* Release */,
			);
			defaultConfigurationIsVisible = 0;
			defaultConfigurationName = Release;
		};
		D8EA22792C31FBAA00334316 /* Build configuration list for PBXNativeTarget "CurrencyConverter DayhuffUITests" */ = {
			isa = XCConfigurationList;
			buildConfigurations = (
				D8EA227A2C31FBAA00334316 /* Debug */,
				D8EA227B2C31FBAA00334316 /* Release */,
			);
			defaultConfigurationIsVisible = 0;
			defaultConfigurationName = Release;
		};
/* End XCConfigurationList section */
	};
	rootObject = D8EA22412C31FBA600334316 /* Project object */;
}
